Microsoft Visual Studio Solution File, Format Version 11.00
# Visual Studio 2008

Project("{E9B6E4BF-75FD-0900-3BF3-BE2754F7527A}") = "City_enviornment", "Assembly-CSharp-firstpass.csproj", "{1BAE49F2-172D-4880-0A54-9B057B34D959}"
EndProject
Project("{E9B6E4BF-75FD-0900-3BF3-BE2754F7527A}") = "City_enviornment", "Assembly-CSharp-Editor-firstpass.csproj", "{90BA7A28-99A9-1D1C-15E4-4D67786876B7}"
EndProject
Global
	GlobalSection(SolutionConfigurationPlatforms) = preSolution
		Debug|Any CPU = Debug|Any CPU
		Release|Any CPU = Release|Any CPU
	EndGlobalSection
	GlobalSection(ProjectConfigurationPlatforms) = postSolution
		{1BAE49F2-172D-4880-0A54-9B057B34D959}.Debug|Any CPU.ActiveCfg = Debug|Any CPU
		{1BAE49F2-172D-4880-0A54-9B057B34D959}.Debug|Any CPU.Build.0 = Debug|Any CPU
		{1BAE49F2-172D-4880-0A54-9B057B34D959}.Release|Any CPU.ActiveCfg = Release|Any CPU
		{1BAE49F2-172D-4880-0A54-9B057B34D959}.Release|Any CPU.Build.0 = Release|Any CPU
		{90BA7A28-99A9-1D1C-15E4-4D67786876B7}.Debug|Any CPU.ActiveCfg = Debug|Any CPU
		{90BA7A28-99A9-1D1C-15E4-4D67786876B7}.Debug|Any CPU.Build.0 = Debug|Any CPU
		{90BA7A28-99A9-1D1C-15E4-4D67786876B7}.Release|Any CPU.ActiveCfg = Release|Any CPU
		{90BA7A28-99A9-1D1C-15E4-4D67786876B7}.Release|Any CPU.Build.0 = Release|Any CPU
	EndGlobalSection
	GlobalSection(SolutionProperties) = preSolution
		HideSolutionNode = FALSE
	EndGlobalSection
	GlobalSection(MonoDevelopProperties) = preSolution
		StartupItem = Assembly-CSharp.csproj
	EndGlobalSection
EndGlobal
